
Microsoft Visual Studio Solution File, Format Version 12.00
# Visual Studio Version 16
VisualStudioVersion = 16.0.30114.105
MinimumVisualStudioVersion = 10.0.40219.1
Project("{FAE04EC0-301F-11D3-BF4B-00C04F79EFBC}") = "Test3.Models", "Test3.Models\Test3.Models.csproj", "{9658589A-C12F-49A4-8A5D-E1F1F9BF3172}"
EndProject
Project("{FAE04EC0-301F-11D3-BF4B-00C04F79EFBC}") = "Test3.Repositories", "Test3.Repositories\Test3.Repositories.csproj", "{1CD59A41-3003-4775-96BB-D9C64048EEA6}"
EndProject
Project("{FAE04EC0-301F-11D3-BF4B-00C04F79EFBC}") = "Test3.API", "Test3.API\Test3.API.csproj", "{B0FF6567-519D-484D-B785-0EDFEE409543}"
EndProject
Global
	GlobalSection(SolutionConfigurationPlatforms) = preSolution
		Debug|Any CPU = Debug|Any CPU
		Release|Any CPU = Release|Any CPU
	EndGlobalSection
	GlobalSection(SolutionProperties) = preSolution
		HideSolutionNode = FALSE
	EndGlobalSection
	GlobalSection(ProjectConfigurationPlatforms) = postSolution
		{9658589A-C12F-49A4-8A5D-E1F1F9BF3172}.Debug|Any CPU.ActiveCfg = Debug|Any CPU
		{9658589A-C12F-49A4-8A5D-E1F1F9BF3172}.Debug|Any CPU.Build.0 = Debug|Any CPU
		{9658589A-C12F-49A4-8A5D-E1F1F9BF3172}.Release|Any CPU.ActiveCfg = Release|Any CPU
		{9658589A-C12F-49A4-8A5D-E1F1F9BF3172}.Release|Any CPU.Build.0 = Release|Any CPU
		{1CD59A41-3003-4775-96BB-D9C64048EEA6}.Debug|Any CPU.ActiveCfg = Debug|Any CPU
		{1CD59A41-3003-4775-96BB-D9C64048EEA6}.Debug|Any CPU.Build.0 = Debug|Any CPU
		{1CD59A41-3003-4775-96BB-D9C64048EEA6}.Release|Any CPU.ActiveCfg = Release|Any CPU
		{1CD59A41-3003-4775-96BB-D9C64048EEA6}.Release|Any CPU.Build.0 = Release|Any CPU
		{B0FF6567-519D-484D-B785-0EDFEE409543}.Debug|Any CPU.ActiveCfg = Debug|Any CPU
		{B0FF6567-519D-484D-B785-0EDFEE409543}.Debug|Any CPU.Build.0 = Debug|Any CPU
		{B0FF6567-519D-484D-B785-0EDFEE409543}.Release|Any CPU.ActiveCfg = Release|Any CPU
		{B0FF6567-519D-484D-B785-0EDFEE409543}.Release|Any CPU.Build.0 = Release|Any CPU
	EndGlobalSection
EndGlobal
